
Microsoft Visual Studio Solution File, Format Version 12.00
# Visual Studio Version 17
VisualStudioVersion = 17.12.35707.178
MinimumVisualStudioVersion = 10.0.40219.1
Project("{9A19103F-16F7-4668-BE54-9A1E7A4F7556}") = "FIF.Domain", "FIF.Domain\FIF.Domain.csproj", "{7DB28A4D-8F13-43D1-8D8B-2E5D15B31069}"
EndProject
Project("{9A19103F-16F7-4668-BE54-9A1E7A4F7556}") = "FIF.Persistence", "FIF.Persistence\FIF.Persistence.csproj", "{B152EC8D-0CE2-4609-8F42-8C323FE6BB60}"
EndProject
Project("{9A19103F-16F7-4668-BE54-9A1E7A4F7556}") = "FIF.Registration", "FIF.Registration\FIF.Registration.csproj", "{F8EBAB89-8F43-477E-BF6A-B69C20828074}"
EndProject
Project("{9A19103F-16F7-4668-BE54-9A1E7A4F7556}") = "FIF.Application", "FIF.Application\FIF.Application.csproj", "{F8C17F5F-74B5-4545-A8C3-4E185DD7C074}"
EndProject
Project("{9A19103F-16F7-4668-BE54-9A1E7A4F7556}") = "FIF.Infrastructure", "FIF.Infrastructure\FIF.Infrastructure.csproj", "{A3F08953-C259-4CA9-AA76-F0829F766161}"
EndProject
Project("{FAE04EC0-301F-11D3-BF4B-00C04F79EFBC}") = "FIF.Tests", "FIF.Tests\FIF.Tests.csproj", "{5BE0F588-BEB5-4C84-AA09-492771DFF94B}"
EndProject
Global
	GlobalSection(SolutionConfigurationPlatforms) = preSolution
		Debug|Any CPU = Debug|Any CPU
		Release|Any CPU = Release|Any CPU
	EndGlobalSection
	GlobalSection(ProjectConfigurationPlatforms) = postSolution
		{7DB28A4D-8F13-43D1-8D8B-2E5D15B31069}.Debug|Any CPU.ActiveCfg = Debug|Any CPU
		{7DB28A4D-8F13-43D1-8D8B-2E5D15B31069}.Debug|Any CPU.Build.0 = Debug|Any CPU
		{7DB28A4D-8F13-43D1-8D8B-2E5D15B31069}.Release|Any CPU.ActiveCfg = Release|Any CPU
		{7DB28A4D-8F13-43D1-8D8B-2E5D15B31069}.Release|Any CPU.Build.0 = Release|Any CPU
		{B152EC8D-0CE2-4609-8F42-8C323FE6BB60}.Debug|Any CPU.ActiveCfg = Debug|Any CPU
		{B152EC8D-0CE2-4609-8F42-8C323FE6BB60}.Debug|Any CPU.Build.0 = Debug|Any CPU
		{B152EC8D-0CE2-4609-8F42-8C323FE6BB60}.Release|Any CPU.ActiveCfg = Release|Any CPU
		{B152EC8D-0CE2-4609-8F42-8C323FE6BB60}.Release|Any CPU.Build.0 = Release|Any CPU
		{F8EBAB89-8F43-477E-BF6A-B69C20828074}.Debug|Any CPU.ActiveCfg = Debug|Any CPU
		{F8EBAB89-8F43-477E-BF6A-B69C20828074}.Debug|Any CPU.Build.0 = Debug|Any CPU
		{F8EBAB89-8F43-477E-BF6A-B69C20828074}.Release|Any CPU.ActiveCfg = Release|Any CPU
		{F8EBAB89-8F43-477E-BF6A-B69C20828074}.Release|Any CPU.Build.0 = Release|Any CPU
		{F8C17F5F-74B5-4545-A8C3-4E185DD7C074}.Debug|Any CPU.ActiveCfg = Debug|Any CPU
		{F8C17F5F-74B5-4545-A8C3-4E185DD7C074}.Debug|Any CPU.Build.0 = Debug|Any CPU
		{F8C17F5F-74B5-4545-A8C3-4E185DD7C074}.Release|Any CPU.ActiveCfg = Release|Any CPU
		{F8C17F5F-74B5-4545-A8C3-4E185DD7C074}.Release|Any CPU.Build.0 = Release|Any CPU
		{A3F08953-C259-4CA9-AA76-F0829F766161}.Debug|Any CPU.ActiveCfg = Debug|Any CPU
		{A3F08953-C259-4CA9-AA76-F0829F766161}.Debug|Any CPU.Build.0 = Debug|Any CPU
		{A3F08953-C259-4CA9-AA76-F0829F766161}.Release|Any CPU.ActiveCfg = Release|Any CPU
		{A3F08953-C259-4CA9-AA76-F0829F766161}.Release|Any CPU.Build.0 = Release|Any CPU
		{5BE0F588-BEB5-4C84-AA09-492771DFF94B}.Debug|Any CPU.ActiveCfg = Debug|Any CPU
		{5BE0F588-BEB5-4C84-AA09-492771DFF94B}.Debug|Any CPU.Build.0 = Debug|Any CPU
		{5BE0F588-BEB5-4C84-AA09-492771DFF94B}.Release|Any CPU.ActiveCfg = Release|Any CPU
		{5BE0F588-BEB5-4C84-AA09-492771DFF94B}.Release|Any CPU.Build.0 = Release|Any CPU
	EndGlobalSection
	GlobalSection(SolutionProperties) = preSolution
		HideSolutionNode = FALSE
	EndGlobalSection
	GlobalSection(ExtensibilityGlobals) = postSolution
		SolutionGuid = {130B37CC-F92D-4A03-8959-486D2685D711}
	EndGlobalSection
EndGlobal
